
Microsoft Visual Studio Solution File, Format Version 12.00
# Visual Studio Version 16
VisualStudioVersion = 16.0.30804.86
MinimumVisualStudioVersion = 10.0.40219.1
Project("{9A19103F-16F7-4668-BE54-9A1E7A4F7556}") = "GarageMVC", "GarageMVC\GarageMVC.csproj", "{1156C690-0821-4189-928B-20073D31CE3A}"
EndProject
Project("{9A19103F-16F7-4668-BE54-9A1E7A4F7556}") = "WebAppGarage", "WebAppGarage\WebAppGarage.csproj", "{EF95CFD6-E298-4B1F-AA6A-B6E497ABDC0B}"
EndProject
Project("{FAE04EC0-301F-11D3-BF4B-00C04F79EFBC}") = "WpfGarage", "WpfGarage\WpfGarage.csproj", "{0FBE2F82-72DD-47B4-9562-7F40182FA740}"
EndProject
Project("{FAE04EC0-301F-11D3-BF4B-00C04F79EFBC}") = "WpfGarage1", "WpfGarage1\WpfGarage1.csproj", "{40C182B7-323D-47FE-ADAD-6DD5E0508F3B}"
EndProject
Global
	GlobalSection(SolutionConfigurationPlatforms) = preSolution
		Debug|Any CPU = Debug|Any CPU
		Release|Any CPU = Release|Any CPU
	EndGlobalSection
	GlobalSection(ProjectConfigurationPlatforms) = postSolution
		{1156C690-0821-4189-928B-20073D31CE3A}.Debug|Any CPU.ActiveCfg = Debug|Any CPU
		{1156C690-0821-4189-928B-20073D31CE3A}.Debug|Any CPU.Build.0 = Debug|Any CPU
		{1156C690-0821-4189-928B-20073D31CE3A}.Release|Any CPU.ActiveCfg = Release|Any CPU
		{1156C690-0821-4189-928B-20073D31CE3A}.Release|Any CPU.Build.0 = Release|Any CPU
		{EF95CFD6-E298-4B1F-AA6A-B6E497ABDC0B}.Debug|Any CPU.ActiveCfg = Debug|Any CPU
		{EF95CFD6-E298-4B1F-AA6A-B6E497ABDC0B}.Debug|Any CPU.Build.0 = Debug|Any CPU
		{EF95CFD6-E298-4B1F-AA6A-B6E497ABDC0B}.Release|Any CPU.ActiveCfg = Release|Any CPU
		{EF95CFD6-E298-4B1F-AA6A-B6E497ABDC0B}.Release|Any CPU.Build.0 = Release|Any CPU
		{0FBE2F82-72DD-47B4-9562-7F40182FA740}.Debug|Any CPU.ActiveCfg = Debug|Any CPU
		{0FBE2F82-72DD-47B4-9562-7F40182FA740}.Debug|Any CPU.Build.0 = Debug|Any CPU
		{0FBE2F82-72DD-47B4-9562-7F40182FA740}.Release|Any CPU.ActiveCfg = Release|Any CPU
		{0FBE2F82-72DD-47B4-9562-7F40182FA740}.Release|Any CPU.Build.0 = Release|Any CPU
		{40C182B7-323D-47FE-ADAD-6DD5E0508F3B}.Debug|Any CPU.ActiveCfg = Debug|Any CPU
		{40C182B7-323D-47FE-ADAD-6DD5E0508F3B}.Debug|Any CPU.Build.0 = Debug|Any CPU
		{40C182B7-323D-47FE-ADAD-6DD5E0508F3B}.Release|Any CPU.ActiveCfg = Release|Any CPU
		{40C182B7-323D-47FE-ADAD-6DD5E0508F3B}.Release|Any CPU.Build.0 = Release|Any CPU
	EndGlobalSection
	GlobalSection(SolutionProperties) = preSolution
		HideSolutionNode = FALSE
	EndGlobalSection
	GlobalSection(ExtensibilityGlobals) = postSolution
		SolutionGuid = {82FA5D48-AB19-4786-A3EC-C4A640552FEE}
	EndGlobalSection
EndGlobal
